<?xml version="1.0" encoding="UTF-8"?>
<CodeBlocks_project_file>
	<FileVersion major="1" minor="6"/>
	<Project>
		<Option title="artery_vision"/>
		<Option makefile_is_custom="1"/>
		<Option compiler="gcc"/>
		<Option virtualFolders="CMake Files\;CMake Files\..\;CMake Files\..\..\;CMake Files\..\..\..\;CMake Files\..\..\..\..\;CMake Files\..\..\..\..\..\;CMake Files\..\..\..\..\..\usr\;CMake Files\..\..\..\..\..\usr\local\;CMake Files\..\..\..\..\..\usr\local\lib\;CMake Files\..\..\..\..\..\usr\local\lib\cmake\;CMake Files\..\..\..\..\..\usr\local\lib\cmake\opencv4\;CMake Files\..\..\..\..\..\usr\lib\;CMake Files\..\..\..\..\..\usr\lib\cmake\;CMake Files\..\..\..\..\..\usr\lib\cmake\eigen3\;CMake Files\test\;"/>
		<Build>
			<Target title="all">
				<Option working_dir="/home/nate/Desktop/gits/artery_vision/cmake-build-debug"/>
				<Option type="4"/>
				<MakeCommands>
					<Build command="/usr/bin/make -j16 -f &quot;/home/nate/Desktop/gits/artery_vision/cmake-build-debug/Makefile&quot;  VERBOSE=1 all"/>
					<CompileFile command="/usr/bin/make -j16 -f &quot;/home/nate/Desktop/gits/artery_vision/cmake-build-debug/Makefile&quot;  VERBOSE=1 &quot;$file&quot;"/>
					<Clean command="/usr/bin/make -j16 -f &quot;/home/nate/Desktop/gits/artery_vision/cmake-build-debug/Makefile&quot;  VERBOSE=1 clean"/>
					<DistClean command="/usr/bin/make -j16 -f &quot;/home/nate/Desktop/gits/artery_vision/cmake-build-debug/Makefile&quot;  VERBOSE=1 clean"/>
				</MakeCommands>
			</Target>
			<Target title="edit_cache">
				<Option working_dir="/home/nate/Desktop/gits/artery_vision/cmake-build-debug"/>
				<Option type="4"/>
				<MakeCommands>
					<Build command="/usr/bin/make -j16 -f &quot;/home/nate/Desktop/gits/artery_vision/cmake-build-debug/Makefile&quot;  VERBOSE=1 edit_cache"/>
					<CompileFile command="/usr/bin/make -j16 -f &quot;/home/nate/Desktop/gits/artery_vision/cmake-build-debug/Makefile&quot;  VERBOSE=1 &quot;$file&quot;"/>
					<Clean command="/usr/bin/make -j16 -f &quot;/home/nate/Desktop/gits/artery_vision/cmake-build-debug/Makefile&quot;  VERBOSE=1 clean"/>
					<DistClean command="/usr/bin/make -j16 -f &quot;/home/nate/Desktop/gits/artery_vision/cmake-build-debug/Makefile&quot;  VERBOSE=1 clean"/>
				</MakeCommands>
			</Target>
			<Target title="rebuild_cache">
				<Option working_dir="/home/nate/Desktop/gits/artery_vision/cmake-build-debug"/>
				<Option type="4"/>
				<MakeCommands>
					<Build command="/usr/bin/make -j16 -f &quot;/home/nate/Desktop/gits/artery_vision/cmake-build-debug/Makefile&quot;  VERBOSE=1 rebuild_cache"/>
					<CompileFile command="/usr/bin/make -j16 -f &quot;/home/nate/Desktop/gits/artery_vision/cmake-build-debug/Makefile&quot;  VERBOSE=1 &quot;$file&quot;"/>
					<Clean command="/usr/bin/make -j16 -f &quot;/home/nate/Desktop/gits/artery_vision/cmake-build-debug/Makefile&quot;  VERBOSE=1 clean"/>
					<DistClean command="/usr/bin/make -j16 -f &quot;/home/nate/Desktop/gits/artery_vision/cmake-build-debug/Makefile&quot;  VERBOSE=1 clean"/>
				</MakeCommands>
			</Target>
			<Target title="arteryNet">
				<Option output="/home/nate/Desktop/gits/artery_vision/lib/libarteryNet.a" prefix_auto="0" extension_auto="0"/>
				<Option working_dir="/home/nate/Desktop/gits/artery_vision/cmake-build-debug"/>
				<Option object_output="./"/>
				<Option type="2"/>
				<Option compiler="gcc"/>
				<Compiler>
					<Add directory="/home/nate/Desktop/gits/artery_vision/include"/>
					<Add directory="/usr/local/include/opencv4"/>
					<Add directory="/home/nate/Desktop/gits/artery_vision/test"/>
					<Add directory="/usr/include/c++/7"/>
					<Add directory="/usr/include/x86_64-linux-gnu/c++/7"/>
					<Add directory="/usr/include/c++/7/backward"/>
					<Add directory="/usr/lib/gcc/x86_64-linux-gnu/7/include"/>
					<Add directory="/usr/local/include"/>
					<Add directory="/usr/lib/gcc/x86_64-linux-gnu/7/include-fixed"/>
					<Add directory="/usr/include/x86_64-linux-gnu"/>
					<Add directory="/usr/include"/>
				</Compiler>
				<MakeCommands>
					<Build command="/usr/bin/make -j16 -f &quot;/home/nate/Desktop/gits/artery_vision/cmake-build-debug/Makefile&quot;  VERBOSE=1 arteryNet"/>
					<CompileFile command="/usr/bin/make -j16 -f &quot;/home/nate/Desktop/gits/artery_vision/cmake-build-debug/Makefile&quot;  VERBOSE=1 &quot;$file&quot;"/>
					<Clean command="/usr/bin/make -j16 -f &quot;/home/nate/Desktop/gits/artery_vision/cmake-build-debug/Makefile&quot;  VERBOSE=1 clean"/>
					<DistClean command="/usr/bin/make -j16 -f &quot;/home/nate/Desktop/gits/artery_vision/cmake-build-debug/Makefile&quot;  VERBOSE=1 clean"/>
				</MakeCommands>
			</Target>
			<Target title="arteryNet/fast">
				<Option output="/home/nate/Desktop/gits/artery_vision/lib/libarteryNet.a" prefix_auto="0" extension_auto="0"/>
				<Option working_dir="/home/nate/Desktop/gits/artery_vision/cmake-build-debug"/>
				<Option object_output="./"/>
				<Option type="2"/>
				<Option compiler="gcc"/>
				<Compiler>
					<Add directory="/home/nate/Desktop/gits/artery_vision/include"/>
					<Add directory="/usr/local/include/opencv4"/>
					<Add directory="/home/nate/Desktop/gits/artery_vision/test"/>
					<Add directory="/usr/include/c++/7"/>
					<Add directory="/usr/include/x86_64-linux-gnu/c++/7"/>
					<Add directory="/usr/include/c++/7/backward"/>
					<Add directory="/usr/lib/gcc/x86_64-linux-gnu/7/include"/>
					<Add directory="/usr/local/include"/>
					<Add directory="/usr/lib/gcc/x86_64-linux-gnu/7/include-fixed"/>
					<Add directory="/usr/include/x86_64-linux-gnu"/>
					<Add directory="/usr/include"/>
				</Compiler>
				<MakeCommands>
					<Build command="/usr/bin/make -j16 -f &quot;/home/nate/Desktop/gits/artery_vision/cmake-build-debug/Makefile&quot;  VERBOSE=1 arteryNet/fast"/>
					<CompileFile command="/usr/bin/make -j16 -f &quot;/home/nate/Desktop/gits/artery_vision/cmake-build-debug/Makefile&quot;  VERBOSE=1 &quot;$file&quot;"/>
					<Clean command="/usr/bin/make -j16 -f &quot;/home/nate/Desktop/gits/artery_vision/cmake-build-debug/Makefile&quot;  VERBOSE=1 clean"/>
					<DistClean command="/usr/bin/make -j16 -f &quot;/home/nate/Desktop/gits/artery_vision/cmake-build-debug/Makefile&quot;  VERBOSE=1 clean"/>
				</MakeCommands>
			</Target>
			<Target title="artery_vision">
				<Option output="/home/nate/Desktop/gits/artery_vision/cmake-build-debug/artery_vision" prefix_auto="0" extension_auto="0"/>
				<Option working_dir="/home/nate/Desktop/gits/artery_vision/cmake-build-debug"/>
				<Option object_output="./"/>
				<Option type="1"/>
				<Option compiler="gcc"/>
				<Compiler>
					<Add directory="/home/nate/Desktop/gits/artery_vision/include"/>
					<Add directory="/home/nate/Desktop/gits/artery_vision/test"/>
					<Add directory="/usr/local/include/opencv4"/>
					<Add directory="/usr/include/eigen3"/>
					<Add directory="/usr/include/c++/7"/>
					<Add directory="/usr/include/x86_64-linux-gnu/c++/7"/>
					<Add directory="/usr/include/c++/7/backward"/>
					<Add directory="/usr/lib/gcc/x86_64-linux-gnu/7/include"/>
					<Add directory="/usr/local/include"/>
					<Add directory="/usr/lib/gcc/x86_64-linux-gnu/7/include-fixed"/>
					<Add directory="/usr/include/x86_64-linux-gnu"/>
					<Add directory="/usr/include"/>
				</Compiler>
				<MakeCommands>
					<Build command="/usr/bin/make -j16 -f &quot;/home/nate/Desktop/gits/artery_vision/cmake-build-debug/Makefile&quot;  VERBOSE=1 artery_vision"/>
					<CompileFile command="/usr/bin/make -j16 -f &quot;/home/nate/Desktop/gits/artery_vision/cmake-build-debug/Makefile&quot;  VERBOSE=1 &quot;$file&quot;"/>
					<Clean command="/usr/bin/make -j16 -f &quot;/home/nate/Desktop/gits/artery_vision/cmake-build-debug/Makefile&quot;  VERBOSE=1 clean"/>
					<DistClean command="/usr/bin/make -j16 -f &quot;/home/nate/Desktop/gits/artery_vision/cmake-build-debug/Makefile&quot;  VERBOSE=1 clean"/>
				</MakeCommands>
			</Target>
			<Target title="artery_vision/fast">
				<Option output="/home/nate/Desktop/gits/artery_vision/cmake-build-debug/artery_vision" prefix_auto="0" extension_auto="0"/>
				<Option working_dir="/home/nate/Desktop/gits/artery_vision/cmake-build-debug"/>
				<Option object_output="./"/>
				<Option type="1"/>
				<Option compiler="gcc"/>
				<Compiler>
					<Add directory="/home/nate/Desktop/gits/artery_vision/include"/>
					<Add directory="/home/nate/Desktop/gits/artery_vision/test"/>
					<Add directory="/usr/local/include/opencv4"/>
					<Add directory="/usr/include/eigen3"/>
					<Add directory="/usr/include/c++/7"/>
					<Add directory="/usr/include/x86_64-linux-gnu/c++/7"/>
					<Add directory="/usr/include/c++/7/backward"/>
					<Add directory="/usr/lib/gcc/x86_64-linux-gnu/7/include"/>
					<Add directory="/usr/local/include"/>
					<Add directory="/usr/lib/gcc/x86_64-linux-gnu/7/include-fixed"/>
					<Add directory="/usr/include/x86_64-linux-gnu"/>
					<Add directory="/usr/include"/>
				</Compiler>
				<MakeCommands>
					<Build command="/usr/bin/make -j16 -f &quot;/home/nate/Desktop/gits/artery_vision/cmake-build-debug/Makefile&quot;  VERBOSE=1 artery_vision/fast"/>
					<CompileFile command="/usr/bin/make -j16 -f &quot;/home/nate/Desktop/gits/artery_vision/cmake-build-debug/Makefile&quot;  VERBOSE=1 &quot;$file&quot;"/>
					<Clean command="/usr/bin/make -j16 -f &quot;/home/nate/Desktop/gits/artery_vision/cmake-build-debug/Makefile&quot;  VERBOSE=1 clean"/>
					<DistClean command="/usr/bin/make -j16 -f &quot;/home/nate/Desktop/gits/artery_vision/cmake-build-debug/Makefile&quot;  VERBOSE=1 clean"/>
				</MakeCommands>
			</Target>
			<Target title="test">
				<Option working_dir="/home/nate/Desktop/gits/artery_vision/cmake-build-debug"/>
				<Option type="4"/>
				<MakeCommands>
					<Build command="/usr/bin/make -j16 -f &quot;/home/nate/Desktop/gits/artery_vision/cmake-build-debug/Makefile&quot;  VERBOSE=1 test"/>
					<CompileFile command="/usr/bin/make -j16 -f &quot;/home/nate/Desktop/gits/artery_vision/cmake-build-debug/Makefile&quot;  VERBOSE=1 &quot;$file&quot;"/>
					<Clean command="/usr/bin/make -j16 -f &quot;/home/nate/Desktop/gits/artery_vision/cmake-build-debug/Makefile&quot;  VERBOSE=1 clean"/>
					<DistClean command="/usr/bin/make -j16 -f &quot;/home/nate/Desktop/gits/artery_vision/cmake-build-debug/Makefile&quot;  VERBOSE=1 clean"/>
				</MakeCommands>
			</Target>
			<Target title="ZHANGSUEN">
				<Option output="/home/nate/Desktop/gits/artery_vision/lib/libZHANGSUEN.a" prefix_auto="0" extension_auto="0"/>
				<Option working_dir="/home/nate/Desktop/gits/artery_vision/cmake-build-debug"/>
				<Option object_output="./"/>
				<Option type="2"/>
				<Option compiler="gcc"/>
				<Compiler>
					<Add directory="/home/nate/Desktop/gits/artery_vision/include"/>
					<Add directory="/usr/local/include/opencv4"/>
					<Add directory="/home/nate/Desktop/gits/artery_vision/test"/>
					<Add directory="/usr/include/c++/7"/>
					<Add directory="/usr/include/x86_64-linux-gnu/c++/7"/>
					<Add directory="/usr/include/c++/7/backward"/>
					<Add directory="/usr/lib/gcc/x86_64-linux-gnu/7/include"/>
					<Add directory="/usr/local/include"/>
					<Add directory="/usr/lib/gcc/x86_64-linux-gnu/7/include-fixed"/>
					<Add directory="/usr/include/x86_64-linux-gnu"/>
					<Add directory="/usr/include"/>
				</Compiler>
				<MakeCommands>
					<Build command="/usr/bin/make -j16 -f &quot;/home/nate/Desktop/gits/artery_vision/cmake-build-debug/Makefile&quot;  VERBOSE=1 ZHANGSUEN"/>
					<CompileFile command="/usr/bin/make -j16 -f &quot;/home/nate/Desktop/gits/artery_vision/cmake-build-debug/Makefile&quot;  VERBOSE=1 &quot;$file&quot;"/>
					<Clean command="/usr/bin/make -j16 -f &quot;/home/nate/Desktop/gits/artery_vision/cmake-build-debug/Makefile&quot;  VERBOSE=1 clean"/>
					<DistClean command="/usr/bin/make -j16 -f &quot;/home/nate/Desktop/gits/artery_vision/cmake-build-debug/Makefile&quot;  VERBOSE=1 clean"/>
				</MakeCommands>
			</Target>
			<Target title="ZHANGSUEN/fast">
				<Option output="/home/nate/Desktop/gits/artery_vision/lib/libZHANGSUEN.a" prefix_auto="0" extension_auto="0"/>
				<Option working_dir="/home/nate/Desktop/gits/artery_vision/cmake-build-debug"/>
				<Option object_output="./"/>
				<Option type="2"/>
				<Option compiler="gcc"/>
				<Compiler>
					<Add directory="/home/nate/Desktop/gits/artery_vision/include"/>
					<Add directory="/usr/local/include/opencv4"/>
					<Add directory="/home/nate/Desktop/gits/artery_vision/test"/>
					<Add directory="/usr/include/c++/7"/>
					<Add directory="/usr/include/x86_64-linux-gnu/c++/7"/>
					<Add directory="/usr/include/c++/7/backward"/>
					<Add directory="/usr/lib/gcc/x86_64-linux-gnu/7/include"/>
					<Add directory="/usr/local/include"/>
					<Add directory="/usr/lib/gcc/x86_64-linux-gnu/7/include-fixed"/>
					<Add directory="/usr/include/x86_64-linux-gnu"/>
					<Add directory="/usr/include"/>
				</Compiler>
				<MakeCommands>
					<Build command="/usr/bin/make -j16 -f &quot;/home/nate/Desktop/gits/artery_vision/cmake-build-debug/Makefile&quot;  VERBOSE=1 ZHANGSUEN/fast"/>
					<CompileFile command="/usr/bin/make -j16 -f &quot;/home/nate/Desktop/gits/artery_vision/cmake-build-debug/Makefile&quot;  VERBOSE=1 &quot;$file&quot;"/>
					<Clean command="/usr/bin/make -j16 -f &quot;/home/nate/Desktop/gits/artery_vision/cmake-build-debug/Makefile&quot;  VERBOSE=1 clean"/>
					<DistClean command="/usr/bin/make -j16 -f &quot;/home/nate/Desktop/gits/artery_vision/cmake-build-debug/Makefile&quot;  VERBOSE=1 clean"/>
				</MakeCommands>
			</Target>
			<Target title="camera">
				<Option output="/home/nate/Desktop/gits/artery_vision/lib/libcamera.a" prefix_auto="0" extension_auto="0"/>
				<Option working_dir="/home/nate/Desktop/gits/artery_vision/cmake-build-debug"/>
				<Option object_output="./"/>
				<Option type="2"/>
				<Option compiler="gcc"/>
				<Compiler>
					<Add directory="/home/nate/Desktop/gits/artery_vision/include"/>
					<Add directory="/usr/local/include/opencv4"/>
					<Add directory="/home/nate/Desktop/gits/artery_vision/test"/>
					<Add directory="/usr/include/c++/7"/>
					<Add directory="/usr/include/x86_64-linux-gnu/c++/7"/>
					<Add directory="/usr/include/c++/7/backward"/>
					<Add directory="/usr/lib/gcc/x86_64-linux-gnu/7/include"/>
					<Add directory="/usr/local/include"/>
					<Add directory="/usr/lib/gcc/x86_64-linux-gnu/7/include-fixed"/>
					<Add directory="/usr/include/x86_64-linux-gnu"/>
					<Add directory="/usr/include"/>
				</Compiler>
				<MakeCommands>
					<Build command="/usr/bin/make -j16 -f &quot;/home/nate/Desktop/gits/artery_vision/cmake-build-debug/Makefile&quot;  VERBOSE=1 camera"/>
					<CompileFile command="/usr/bin/make -j16 -f &quot;/home/nate/Desktop/gits/artery_vision/cmake-build-debug/Makefile&quot;  VERBOSE=1 &quot;$file&quot;"/>
					<Clean command="/usr/bin/make -j16 -f &quot;/home/nate/Desktop/gits/artery_vision/cmake-build-debug/Makefile&quot;  VERBOSE=1 clean"/>
					<DistClean command="/usr/bin/make -j16 -f &quot;/home/nate/Desktop/gits/artery_vision/cmake-build-debug/Makefile&quot;  VERBOSE=1 clean"/>
				</MakeCommands>
			</Target>
			<Target title="camera/fast">
				<Option output="/home/nate/Desktop/gits/artery_vision/lib/libcamera.a" prefix_auto="0" extension_auto="0"/>
				<Option working_dir="/home/nate/Desktop/gits/artery_vision/cmake-build-debug"/>
				<Option object_output="./"/>
				<Option type="2"/>
				<Option compiler="gcc"/>
				<Compiler>
					<Add directory="/home/nate/Desktop/gits/artery_vision/include"/>
					<Add directory="/usr/local/include/opencv4"/>
					<Add directory="/home/nate/Desktop/gits/artery_vision/test"/>
					<Add directory="/usr/include/c++/7"/>
					<Add directory="/usr/include/x86_64-linux-gnu/c++/7"/>
					<Add directory="/usr/include/c++/7/backward"/>
					<Add directory="/usr/lib/gcc/x86_64-linux-gnu/7/include"/>
					<Add directory="/usr/local/include"/>
					<Add directory="/usr/lib/gcc/x86_64-linux-gnu/7/include-fixed"/>
					<Add directory="/usr/include/x86_64-linux-gnu"/>
					<Add directory="/usr/include"/>
				</Compiler>
				<MakeCommands>
					<Build command="/usr/bin/make -j16 -f &quot;/home/nate/Desktop/gits/artery_vision/cmake-build-debug/Makefile&quot;  VERBOSE=1 camera/fast"/>
					<CompileFile command="/usr/bin/make -j16 -f &quot;/home/nate/Desktop/gits/artery_vision/cmake-build-debug/Makefile&quot;  VERBOSE=1 &quot;$file&quot;"/>
					<Clean command="/usr/bin/make -j16 -f &quot;/home/nate/Desktop/gits/artery_vision/cmake-build-debug/Makefile&quot;  VERBOSE=1 clean"/>
					<DistClean command="/usr/bin/make -j16 -f &quot;/home/nate/Desktop/gits/artery_vision/cmake-build-debug/Makefile&quot;  VERBOSE=1 clean"/>
				</MakeCommands>
			</Target>
			<Target title="test_camera">
				<Option output="/home/nate/Desktop/gits/artery_vision/cmake-build-debug/test/test_camera" prefix_auto="0" extension_auto="0"/>
				<Option working_dir="/home/nate/Desktop/gits/artery_vision/cmake-build-debug/test"/>
				<Option object_output="./"/>
				<Option type="1"/>
				<Option compiler="gcc"/>
				<Compiler>
					<Add directory="/home/nate/Desktop/gits/artery_vision/test"/>
					<Add directory="/home/nate/Desktop/gits/artery_vision/include"/>
					<Add directory="/usr/local/include/opencv4"/>
					<Add directory="/usr/include/eigen3"/>
					<Add directory="/usr/include/c++/7"/>
					<Add directory="/usr/include/x86_64-linux-gnu/c++/7"/>
					<Add directory="/usr/include/c++/7/backward"/>
					<Add directory="/usr/lib/gcc/x86_64-linux-gnu/7/include"/>
					<Add directory="/usr/local/include"/>
					<Add directory="/usr/lib/gcc/x86_64-linux-gnu/7/include-fixed"/>
					<Add directory="/usr/include/x86_64-linux-gnu"/>
					<Add directory="/usr/include"/>
				</Compiler>
				<MakeCommands>
					<Build command="/usr/bin/make -j16 -f &quot;/home/nate/Desktop/gits/artery_vision/cmake-build-debug/test/Makefile&quot;  VERBOSE=1 test_camera"/>
					<CompileFile command="/usr/bin/make -j16 -f &quot;/home/nate/Desktop/gits/artery_vision/cmake-build-debug/test/Makefile&quot;  VERBOSE=1 &quot;$file&quot;"/>
					<Clean command="/usr/bin/make -j16 -f &quot;/home/nate/Desktop/gits/artery_vision/cmake-build-debug/test/Makefile&quot;  VERBOSE=1 clean"/>
					<DistClean command="/usr/bin/make -j16 -f &quot;/home/nate/Desktop/gits/artery_vision/cmake-build-debug/test/Makefile&quot;  VERBOSE=1 clean"/>
				</MakeCommands>
			</Target>
			<Target title="test_camera/fast">
				<Option output="/home/nate/Desktop/gits/artery_vision/cmake-build-debug/test/test_camera" prefix_auto="0" extension_auto="0"/>
				<Option working_dir="/home/nate/Desktop/gits/artery_vision/cmake-build-debug/test"/>
				<Option object_output="./"/>
				<Option type="1"/>
				<Option compiler="gcc"/>
				<Compiler>
					<Add directory="/home/nate/Desktop/gits/artery_vision/test"/>
					<Add directory="/home/nate/Desktop/gits/artery_vision/include"/>
					<Add directory="/usr/local/include/opencv4"/>
					<Add directory="/usr/include/eigen3"/>
					<Add directory="/usr/include/c++/7"/>
					<Add directory="/usr/include/x86_64-linux-gnu/c++/7"/>
					<Add directory="/usr/include/c++/7/backward"/>
					<Add directory="/usr/lib/gcc/x86_64-linux-gnu/7/include"/>
					<Add directory="/usr/local/include"/>
					<Add directory="/usr/lib/gcc/x86_64-linux-gnu/7/include-fixed"/>
					<Add directory="/usr/include/x86_64-linux-gnu"/>
					<Add directory="/usr/include"/>
				</Compiler>
				<MakeCommands>
					<Build command="/usr/bin/make -j16 -f &quot;/home/nate/Desktop/gits/artery_vision/cmake-build-debug/test/Makefile&quot;  VERBOSE=1 test_camera/fast"/>
					<CompileFile command="/usr/bin/make -j16 -f &quot;/home/nate/Desktop/gits/artery_vision/cmake-build-debug/test/Makefile&quot;  VERBOSE=1 &quot;$file&quot;"/>
					<Clean command="/usr/bin/make -j16 -f &quot;/home/nate/Desktop/gits/artery_vision/cmake-build-debug/test/Makefile&quot;  VERBOSE=1 clean"/>
					<DistClean command="/usr/bin/make -j16 -f &quot;/home/nate/Desktop/gits/artery_vision/cmake-build-debug/test/Makefile&quot;  VERBOSE=1 clean"/>
				</MakeCommands>
			</Target>
			<Target title="test_net">
				<Option output="/home/nate/Desktop/gits/artery_vision/cmake-build-debug/test/test_net" prefix_auto="0" extension_auto="0"/>
				<Option working_dir="/home/nate/Desktop/gits/artery_vision/cmake-build-debug/test"/>
				<Option object_output="./"/>
				<Option type="1"/>
				<Option compiler="gcc"/>
				<Compiler>
					<Add directory="/home/nate/Desktop/gits/artery_vision/include"/>
					<Add directory="/usr/include/eigen3"/>
					<Add directory="/usr/include/c++/7"/>
					<Add directory="/usr/include/x86_64-linux-gnu/c++/7"/>
					<Add directory="/usr/include/c++/7/backward"/>
					<Add directory="/usr/lib/gcc/x86_64-linux-gnu/7/include"/>
					<Add directory="/usr/local/include"/>
					<Add directory="/usr/lib/gcc/x86_64-linux-gnu/7/include-fixed"/>
					<Add directory="/usr/include/x86_64-linux-gnu"/>
					<Add directory="/usr/include"/>
				</Compiler>
				<MakeCommands>
					<Build command="/usr/bin/make -j16 -f &quot;/home/nate/Desktop/gits/artery_vision/cmake-build-debug/test/Makefile&quot;  VERBOSE=1 test_net"/>
					<CompileFile command="/usr/bin/make -j16 -f &quot;/home/nate/Desktop/gits/artery_vision/cmake-build-debug/test/Makefile&quot;  VERBOSE=1 &quot;$file&quot;"/>
					<Clean command="/usr/bin/make -j16 -f &quot;/home/nate/Desktop/gits/artery_vision/cmake-build-debug/test/Makefile&quot;  VERBOSE=1 clean"/>
					<DistClean command="/usr/bin/make -j16 -f &quot;/home/nate/Desktop/gits/artery_vision/cmake-build-debug/test/Makefile&quot;  VERBOSE=1 clean"/>
				</MakeCommands>
			</Target>
			<Target title="test_net/fast">
				<Option output="/home/nate/Desktop/gits/artery_vision/cmake-build-debug/test/test_net" prefix_auto="0" extension_auto="0"/>
				<Option working_dir="/home/nate/Desktop/gits/artery_vision/cmake-build-debug/test"/>
				<Option object_output="./"/>
				<Option type="1"/>
				<Option compiler="gcc"/>
				<Compiler>
					<Add directory="/home/nate/Desktop/gits/artery_vision/include"/>
					<Add directory="/usr/include/eigen3"/>
					<Add directory="/usr/include/c++/7"/>
					<Add directory="/usr/include/x86_64-linux-gnu/c++/7"/>
					<Add directory="/usr/include/c++/7/backward"/>
					<Add directory="/usr/lib/gcc/x86_64-linux-gnu/7/include"/>
					<Add directory="/usr/local/include"/>
					<Add directory="/usr/lib/gcc/x86_64-linux-gnu/7/include-fixed"/>
					<Add directory="/usr/include/x86_64-linux-gnu"/>
					<Add directory="/usr/include"/>
				</Compiler>
				<MakeCommands>
					<Build command="/usr/bin/make -j16 -f &quot;/home/nate/Desktop/gits/artery_vision/cmake-build-debug/test/Makefile&quot;  VERBOSE=1 test_net/fast"/>
					<CompileFile command="/usr/bin/make -j16 -f &quot;/home/nate/Desktop/gits/artery_vision/cmake-build-debug/test/Makefile&quot;  VERBOSE=1 &quot;$file&quot;"/>
					<Clean command="/usr/bin/make -j16 -f &quot;/home/nate/Desktop/gits/artery_vision/cmake-build-debug/test/Makefile&quot;  VERBOSE=1 clean"/>
					<DistClean command="/usr/bin/make -j16 -f &quot;/home/nate/Desktop/gits/artery_vision/cmake-build-debug/test/Makefile&quot;  VERBOSE=1 clean"/>
				</MakeCommands>
			</Target>
		</Build>
		<Unit filename="/home/nate/Desktop/gits/artery_vision/include/arteryNet.h">
			<Option target="arteryNet"/>
		</Unit>
		<Unit filename="/home/nate/Desktop/gits/artery_vision/include/camera.h">
			<Option target="camera"/>
		</Unit>
		<Unit filename="/home/nate/Desktop/gits/artery_vision/include/zhangsuen.h">
			<Option target="ZHANGSUEN"/>
		</Unit>
		<Unit filename="/home/nate/Desktop/gits/artery_vision/src/arteryNet/arteryNet.cpp">
			<Option target="arteryNet"/>
		</Unit>
		<Unit filename="/home/nate/Desktop/gits/artery_vision/src/camera/camera.cpp">
			<Option target="camera"/>
		</Unit>
		<Unit filename="/home/nate/Desktop/gits/artery_vision/src/libzhangsuen/zhangsuen.cpp">
			<Option target="ZHANGSUEN"/>
		</Unit>
		<Unit filename="/home/nate/Desktop/gits/artery_vision/src/main.cpp">
			<Option target="artery_vision"/>
		</Unit>
		<Unit filename="/home/nate/Desktop/gits/artery_vision/test/Base.h">
			<Option target="test_camera"/>
			<Option target="test_net"/>
		</Unit>
		<Unit filename="/home/nate/Desktop/gits/artery_vision/test/test_camera.cpp">
			<Option target="test_camera"/>
		</Unit>
		<Unit filename="/home/nate/Desktop/gits/artery_vision/test/test_net.cpp">
			<Option target="test_net"/>
		</Unit>
		<Unit filename="/home/nate/Desktop/gits/artery_vision/CMakeLists.txt">
			<Option virtualFolder="CMake Files\"/>
		</Unit>
		<Unit filename="/home/nate/Desktop/gits/artery_vision/../../../../../usr/local/lib/cmake/opencv4/OpenCVConfig-version.cmake">
			<Option virtualFolder="CMake Files\..\..\..\..\..\usr\local\lib\cmake\opencv4\"/>
		</Unit>
		<Unit filename="/home/nate/Desktop/gits/artery_vision/../../../../../usr/local/lib/cmake/opencv4/OpenCVConfig.cmake">
			<Option virtualFolder="CMake Files\..\..\..\..\..\usr\local\lib\cmake\opencv4\"/>
		</Unit>
		<Unit filename="/home/nate/Desktop/gits/artery_vision/../../../../../usr/local/lib/cmake/opencv4/OpenCVModules-release.cmake">
			<Option virtualFolder="CMake Files\..\..\..\..\..\usr\local\lib\cmake\opencv4\"/>
		</Unit>
		<Unit filename="/home/nate/Desktop/gits/artery_vision/../../../../../usr/local/lib/cmake/opencv4/OpenCVModules.cmake">
			<Option virtualFolder="CMake Files\..\..\..\..\..\usr\local\lib\cmake\opencv4\"/>
		</Unit>
		<Unit filename="/home/nate/Desktop/gits/artery_vision/../../../../../usr/lib/cmake/eigen3/Eigen3Config.cmake">
			<Option virtualFolder="CMake Files\..\..\..\..\..\usr\lib\cmake\eigen3\"/>
		</Unit>
		<Unit filename="/home/nate/Desktop/gits/artery_vision/../../../../../usr/lib/cmake/eigen3/Eigen3ConfigVersion.cmake">
			<Option virtualFolder="CMake Files\..\..\..\..\..\usr\lib\cmake\eigen3\"/>
		</Unit>
		<Unit filename="/home/nate/Desktop/gits/artery_vision/../../../../../usr/lib/cmake/eigen3/Eigen3Targets.cmake">
			<Option virtualFolder="CMake Files\..\..\..\..\..\usr\lib\cmake\eigen3\"/>
		</Unit>
		<Unit filename="/home/nate/Desktop/gits/artery_vision/test/CMakeLists.txt">
			<Option virtualFolder="CMake Files\test\"/>
		</Unit>
	</Project>
</CodeBlocks_project_file>
